
Microsoft Visual Studio Solution File, Format Version 12.00
# Visual Studio Version 16
VisualStudioVersion = 16.0.31129.286
MinimumVisualStudioVersion = 10.0.40219.1
Project("{9A19103F-16F7-4668-BE54-9A1E7A4F7556}") = "Circus Trein.Test", "WagonGewichtTest\Circus Trein.Test.csproj", "{EFFEE3FF-D1CF-435F-9F97-55591ADE70E8}"
EndProject
Project("{9A19103F-16F7-4668-BE54-9A1E7A4F7556}") = "Circus trein", "ClassLibrary\Circus trein.csproj", "{DCBAE6FF-9AB9-4789-A12E-63FA3955CBE3}"
EndProject
Project("{FAE04EC0-301F-11D3-BF4B-00C04F79EFBC}") = "Circus Trein.Console", "Circus Trein.Console\Circus Trein.Console.csproj", "{64F54E7C-4F87-4931-B6BE-8572CD78846C}"
EndProject
Global
	GlobalSection(SolutionConfigurationPlatforms) = preSolution
		Debug|Any CPU = Debug|Any CPU
		Release|Any CPU = Release|Any CPU
	EndGlobalSection
	GlobalSection(ProjectConfigurationPlatforms) = postSolution
		{EFFEE3FF-D1CF-435F-9F97-55591ADE70E8}.Debug|Any CPU.ActiveCfg = Debug|Any CPU
		{EFFEE3FF-D1CF-435F-9F97-55591ADE70E8}.Debug|Any CPU.Build.0 = Debug|Any CPU
		{EFFEE3FF-D1CF-435F-9F97-55591ADE70E8}.Release|Any CPU.ActiveCfg = Release|Any CPU
		{EFFEE3FF-D1CF-435F-9F97-55591ADE70E8}.Release|Any CPU.Build.0 = Release|Any CPU
		{DCBAE6FF-9AB9-4789-A12E-63FA3955CBE3}.Debug|Any CPU.ActiveCfg = Debug|Any CPU
		{DCBAE6FF-9AB9-4789-A12E-63FA3955CBE3}.Debug|Any CPU.Build.0 = Debug|Any CPU
		{DCBAE6FF-9AB9-4789-A12E-63FA3955CBE3}.Release|Any CPU.ActiveCfg = Release|Any CPU
		{DCBAE6FF-9AB9-4789-A12E-63FA3955CBE3}.Release|Any CPU.Build.0 = Release|Any CPU
		{64F54E7C-4F87-4931-B6BE-8572CD78846C}.Debug|Any CPU.ActiveCfg = Debug|Any CPU
		{64F54E7C-4F87-4931-B6BE-8572CD78846C}.Debug|Any CPU.Build.0 = Debug|Any CPU
		{64F54E7C-4F87-4931-B6BE-8572CD78846C}.Release|Any CPU.ActiveCfg = Release|Any CPU
		{64F54E7C-4F87-4931-B6BE-8572CD78846C}.Release|Any CPU.Build.0 = Release|Any CPU
	EndGlobalSection
	GlobalSection(SolutionProperties) = preSolution
		HideSolutionNode = FALSE
	EndGlobalSection
	GlobalSection(ExtensibilityGlobals) = postSolution
		SolutionGuid = {8B34E641-D98A-4F0A-8C5A-680EF67B7148}
	EndGlobalSection
EndGlobal
