
Microsoft Visual Studio Solution File, Format Version 12.00
# Visual Studio Version 16
VisualStudioVersion = 16.0.31112.23
MinimumVisualStudioVersion = 10.0.40219.1
Project("{FAE04EC0-301F-11D3-BF4B-00C04F79EFBC}") = "Palindroom", "Palindroom\Palindroom.csproj", "{3146F133-F79D-414A-94EE-AF5A5274CD24}"
EndProject
Global
	GlobalSection(SolutionConfigurationPlatforms) = preSolution
		Debug|Any CPU = Debug|Any CPU
		Release|Any CPU = Release|Any CPU
	EndGlobalSection
	GlobalSection(ProjectConfigurationPlatforms) = postSolution
		{3146F133-F79D-414A-94EE-AF5A5274CD24}.Debug|Any CPU.ActiveCfg = Debug|Any CPU
		{3146F133-F79D-414A-94EE-AF5A5274CD24}.Debug|Any CPU.Build.0 = Debug|Any CPU
		{3146F133-F79D-414A-94EE-AF5A5274CD24}.Release|Any CPU.ActiveCfg = Release|Any CPU
		{3146F133-F79D-414A-94EE-AF5A5274CD24}.Release|Any CPU.Build.0 = Release|Any CPU
	EndGlobalSection
	GlobalSection(SolutionProperties) = preSolution
		HideSolutionNode = FALSE
	EndGlobalSection
	GlobalSection(ExtensibilityGlobals) = postSolution
		SolutionGuid = {14DC2409-6AAA-4938-B1A4-939F7DBBD093}
	EndGlobalSection
EndGlobal
