
Microsoft Visual Studio Solution File, Format Version 12.00
# Visual Studio Version 16
VisualStudioVersion = 16.0.31112.23
MinimumVisualStudioVersion = 10.0.40219.1
Project("{FAE04EC0-301F-11D3-BF4B-00C04F79EFBC}") = "Preim Getallen", "Preim Getallen\Preim Getallen.csproj", "{794A106E-E2E9-4314-8413-A8E98481A370}"
EndProject
Global
	GlobalSection(SolutionConfigurationPlatforms) = preSolution
		Debug|Any CPU = Debug|Any CPU
		Release|Any CPU = Release|Any CPU
	EndGlobalSection
	GlobalSection(ProjectConfigurationPlatforms) = postSolution
		{794A106E-E2E9-4314-8413-A8E98481A370}.Debug|Any CPU.ActiveCfg = Debug|Any CPU
		{794A106E-E2E9-4314-8413-A8E98481A370}.Debug|Any CPU.Build.0 = Debug|Any CPU
		{794A106E-E2E9-4314-8413-A8E98481A370}.Release|Any CPU.ActiveCfg = Release|Any CPU
		{794A106E-E2E9-4314-8413-A8E98481A370}.Release|Any CPU.Build.0 = Release|Any CPU
	EndGlobalSection
	GlobalSection(SolutionProperties) = preSolution
		HideSolutionNode = FALSE
	EndGlobalSection
	GlobalSection(ExtensibilityGlobals) = postSolution
		SolutionGuid = {58B2565A-EA9B-4FC1-854C-71263CC5AD72}
	EndGlobalSection
EndGlobal
